// !$*UTF8*$!
{
	archiveVersion = 1;
	classes = {
	};
	objectVersion = 55;
	objects = {

/* Begin PBXBuildFile section */
		370D6959D0275F7574594AC3 /* Pods_PocketCards.framework in Frameworks */ = {isa = PBXBuildFile; fileRef = AF33037E5DC5E8CF388AACB9 /* Pods_PocketCards.framework */; };
		9A2949C727D58500004279A8 /* PocketCardsApp.swift in Sources */ = {isa = PBXBuildFile; fileRef = 9A2949C627D58500004279A8 /* PocketCardsApp.swift */; };
		9A2949C927D58500004279A8 /* ContentView.swift in Sources */ = {isa = PBXBuildFile; fileRef = 9A2949C827D58500004279A8 /* ContentView.swift */; };
		9A2949CB27D58500004279A8 /* Assets.xcassets in Resources */ = {isa = PBXBuildFile; fileRef = 9A2949CA27D58500004279A8 /* Assets.xcassets */; };
		9A2949CE27D58500004279A8 /* Preview Assets.xcassets in Resources */ = {isa = PBXBuildFile; fileRef = 9A2949CD27D58500004279A8 /* Preview Assets.xcassets */; };
		9A2949D827D586B9004279A8 /* AppDelegate.swift in Sources */ = {isa = PBXBuildFile; fileRef = 9A2949D727D586B9004279A8 /* AppDelegate.swift */; };
		9A2949DB27D586E4004279A8 /* Alamofire.swift in Sources */ = {isa = PBXBuildFile; fileRef = 9A2949DA27D586E4004279A8 /* Alamofire.swift */; };
		9A2949DD27D58704004279A8 /* TokenManager.swift in Sources */ = {isa = PBXBuildFile; fileRef = 9A2949DC27D58704004279A8 /* TokenManager.swift */; };
		9A2949DF27D58727004279A8 /* Authencation.swift in Sources */ = {isa = PBXBuildFile; fileRef = 9A2949DE27D58727004279A8 /* Authencation.swift */; };
		9A2949E127D58775004279A8 /* Colors.swift in Sources */ = {isa = PBXBuildFile; fileRef = 9A2949E027D58775004279A8 /* Colors.swift */; };
/* End PBXBuildFile section */

/* Begin PBXFileReference section */
		0037A1A01A268E24FDCEE759 /* Pods-PocketCards.release.xcconfig */ = {isa = PBXFileReference; includeInIndex = 1; lastKnownFileType = text.xcconfig; name = "Pods-PocketCards.release.xcconfig"; path = "Target Support Files/Pods-PocketCards/Pods-PocketCards.release.xcconfig"; sourceTree = "<group>"; };
		9A2949C327D58500004279A8 /* PocketCards.app */ = {isa = PBXFileReference; explicitFileType = wrapper.application; includeInIndex = 0; path = PocketCards.app; sourceTree = BUILT_PRODUCTS_DIR; };
		9A2949C627D58500004279A8 /* PocketCardsApp.swift */ = {isa = PBXFileReference; lastKnownFileType = sourcecode.swift; path = PocketCardsApp.swift; sourceTree = "<group>"; };
		9A2949C827D58500004279A8 /* ContentView.swift */ = {isa = PBXFileReference; lastKnownFileType = sourcecode.swift; path = ContentView.swift; sourceTree = "<group>"; };
		9A2949CA27D58500004279A8 /* Assets.xcassets */ = {isa = PBXFileReference; lastKnownFileType = folder.assetcatalog; path = Assets.xcassets; sourceTree = "<group>"; };
		9A2949CD27D58500004279A8 /* Preview Assets.xcassets */ = {isa = PBXFileReference; lastKnownFileType = folder.assetcatalog; path = "Preview Assets.xcassets"; sourceTree = "<group>"; };
		9A2949D427D58604004279A8 /* Info.plist */ = {isa = PBXFileReference; lastKnownFileType = text.plist; path = Info.plist; sourceTree = "<group>"; };
		9A2949D727D586B9004279A8 /* AppDelegate.swift */ = {isa = PBXFileReference; lastKnownFileType = sourcecode.swift; path = AppDelegate.swift; sourceTree = "<group>"; };
		9A2949DA27D586E4004279A8 /* Alamofire.swift */ = {isa = PBXFileReference; lastKnownFileType = sourcecode.swift; path = Alamofire.swift; sourceTree = "<group>"; };
		9A2949DC27D58704004279A8 /* TokenManager.swift */ = {isa = PBXFileReference; lastKnownFileType = sourcecode.swift; path = TokenManager.swift; sourceTree = "<group>"; };
		9A2949DE27D58727004279A8 /* Authencation.swift */ = {isa = PBXFileReference; lastKnownFileType = sourcecode.swift; path = Authencation.swift; sourceTree = "<group>"; };
		9A2949E027D58775004279A8 /* Colors.swift */ = {isa = PBXFileReference; lastKnownFileType = sourcecode.swift; path = Colors.swift; sourceTree = "<group>"; };
		AF33037E5DC5E8CF388AACB9 /* Pods_PocketCards.framework */ = {isa = PBXFileReference; explicitFileType = wrapper.framework; includeInIndex = 0; path = Pods_PocketCards.framework; sourceTree = BUILT_PRODUCTS_DIR; };
		E5C607703176596A0DB88F52 /* Pods-PocketCards.debug.xcconfig */ = {isa = PBXFileReference; includeInIndex = 1; lastKnownFileType = text.xcconfig; name = "Pods-PocketCards.debug.xcconfig"; path = "Target Support Files/Pods-PocketCards/Pods-PocketCards.debug.xcconfig"; sourceTree = "<group>"; };
/* End PBXFileReference section */

/* Begin PBXFrameworksBuildPhase section */
		9A2949C027D58500004279A8 /* Frameworks */ = {
			isa = PBXFrameworksBuildPhase;
			buildActionMask = 2147483647;
			files = (
				370D6959D0275F7574594AC3 /* Pods_PocketCards.framework in Frameworks */,
			);
			runOnlyForDeploymentPostprocessing = 0;
		};
/* End PBXFrameworksBuildPhase section */

/* Begin PBXGroup section */
		21BA737FCFCA842BE000D9A6 /* Frameworks */ = {
			isa = PBXGroup;
			children = (
				AF33037E5DC5E8CF388AACB9 /* Pods_PocketCards.framework */,
			);
			name = Frameworks;
			sourceTree = "<group>";
		};
		547261B0F4FDAFB5CCDD9390 /* Pods */ = {
			isa = PBXGroup;
			children = (
				E5C607703176596A0DB88F52 /* Pods-PocketCards.debug.xcconfig */,
				0037A1A01A268E24FDCEE759 /* Pods-PocketCards.release.xcconfig */,
			);
			path = Pods;
			sourceTree = "<group>";
		};
		9A2949BA27D58500004279A8 = {
			isa = PBXGroup;
			children = (
				9A2949C527D58500004279A8 /* PocketCards */,
				9A2949C427D58500004279A8 /* Products */,
				547261B0F4FDAFB5CCDD9390 /* Pods */,
				21BA737FCFCA842BE000D9A6 /* Frameworks */,
			);
			sourceTree = "<group>";
		};
		9A2949C427D58500004279A8 /* Products */ = {
			isa = PBXGroup;
			children = (
				9A2949C327D58500004279A8 /* PocketCards.app */,
			);
			name = Products;
			sourceTree = "<group>";
		};
		9A2949C527D58500004279A8 /* PocketCards */ = {
			isa = PBXGroup;
			children = (
				9A2949D927D586D1004279A8 /* Utils */,
				9A2949D627D586A9004279A8 /* Scenes */,
				9A2949D527D586A0004279A8 /* Models */,
				9A2949D427D58604004279A8 /* Info.plist */,
				9A2949C627D58500004279A8 /* PocketCardsApp.swift */,
				9A2949C827D58500004279A8 /* ContentView.swift */,
				9A2949D727D586B9004279A8 /* AppDelegate.swift */,
				9A2949CA27D58500004279A8 /* Assets.xcassets */,
				9A2949CC27D58500004279A8 /* Preview Content */,
			);
			path = PocketCards;
			sourceTree = "<group>";
		};
		9A2949CC27D58500004279A8 /* Preview Content */ = {
			isa = PBXGroup;
			children = (
				9A2949CD27D58500004279A8 /* Preview Assets.xcassets */,
			);
			path = "Preview Content";
			sourceTree = "<group>";
		};
		9A2949D527D586A0004279A8 /* Models */ = {
			isa = PBXGroup;
			children = (
				9A2949E027D58775004279A8 /* Colors.swift */,
			);
			path = Models;
			sourceTree = "<group>";
		};
		9A2949D627D586A9004279A8 /* Scenes */ = {
			isa = PBXGroup;
			children = (
			);
			path = Scenes;
			sourceTree = "<group>";
		};
		9A2949D927D586D1004279A8 /* Utils */ = {
			isa = PBXGroup;
			children = (
				9A2949DA27D586E4004279A8 /* Alamofire.swift */,
				9A2949DC27D58704004279A8 /* TokenManager.swift */,
				9A2949DE27D58727004279A8 /* Authencation.swift */,
			);
			path = Utils;
			sourceTree = "<group>";
		};
/* End PBXGroup section */

/* Begin PBXNativeTarget section */
		9A2949C227D58500004279A8 /* PocketCards */ = {
			isa = PBXNativeTarget;
			buildConfigurationList = 9A2949D127D58500004279A8 /* Build configuration list for PBXNativeTarget "PocketCards" */;
			buildPhases = (
				EB651A5A5AA342075F478655 /* [CP] Check Pods Manifest.lock */,
				9A2949BF27D58500004279A8 /* Sources */,
				9A2949C027D58500004279A8 /* Frameworks */,
				9A2949C127D58500004279A8 /* Resources */,
				0E099BF9891140993AC7F4FC /* [CP] Embed Pods Frameworks */,
			);
			buildRules = (
			);
			dependencies = (
			);
			name = PocketCards;
			productName = PocketCards;
			productReference = 9A2949C327D58500004279A8 /* PocketCards.app */;
			productType = "com.apple.product-type.application";
		};
/* End PBXNativeTarget section */

/* Begin PBXProject section */
		9A2949BB27D58500004279A8 /* Project object */ = {
			isa = PBXProject;
			attributes = {
				BuildIndependentTargetsInParallel = 1;
				LastSwiftUpdateCheck = 1320;
				LastUpgradeCheck = 1320;
				TargetAttributes = {
					9A2949C227D58500004279A8 = {
						CreatedOnToolsVersion = 13.2.1;
					};
				};
			};
			buildConfigurationList = 9A2949BE27D58500004279A8 /* Build configuration list for PBXProject "PocketCards" */;
			compatibilityVersion = "Xcode 13.0";
			developmentRegion = en;
			hasScannedForEncodings = 0;
			knownRegions = (
				en,
				Base,
			);
			mainGroup = 9A2949BA27D58500004279A8;
			productRefGroup = 9A2949C427D58500004279A8 /* Products */;
			projectDirPath = "";
			projectRoot = "";
			targets = (
				9A2949C227D58500004279A8 /* PocketCards */,
			);
		};
/* End PBXProject section */

/* Begin PBXResourcesBuildPhase section */
		9A2949C127D58500004279A8 /* Resources */ = {
			isa = PBXResourcesBuildPhase;
			buildActionMask = 2147483647;
			files = (
				9A2949CE27D58500004279A8 /* Preview Assets.xcassets in Resources */,
				9A2949CB27D58500004279A8 /* Assets.xcassets in Resources */,
			);
			runOnlyForDeploymentPostprocessing = 0;
		};
/* End PBXResourcesBuildPhase section */

/* Begin PBXShellScriptBuildPhase section */
		0E099BF9891140993AC7F4FC /* [CP] Embed Pods Frameworks */ = {
			isa = PBXShellScriptBuildPhase;
			buildActionMask = 2147483647;
			files = (
			);
			inputFileListPaths = (
				"${PODS_ROOT}/Target Support Files/Pods-PocketCards/Pods-PocketCards-frameworks-${CONFIGURATION}-input-files.xcfilelist",
			);
			name = "[CP] Embed Pods Frameworks";
			outputFileListPaths = (
				"${PODS_ROOT}/Target Support Files/Pods-PocketCards/Pods-PocketCards-frameworks-${CONFIGURATION}-output-files.xcfilelist",
			);
			runOnlyForDeploymentPostprocessing = 0;
			shellPath = /bin/sh;
			shellScript = "\"${PODS_ROOT}/Target Support Files/Pods-PocketCards/Pods-PocketCards-frameworks.sh\"\n";
			showEnvVarsInLog = 0;
		};
		EB651A5A5AA342075F478655 /* [CP] Check Pods Manifest.lock */ = {
			isa = PBXShellScriptBuildPhase;
			buildActionMask = 2147483647;
			files = (
			);
			inputFileListPaths = (
			);
			inputPaths = (
				"${PODS_PODFILE_DIR_PATH}/Podfile.lock",
				"${PODS_ROOT}/Manifest.lock",
			);
			name = "[CP] Check Pods Manifest.lock";
			outputFileListPaths = (
			);
			outputPaths = (
				"$(DERIVED_FILE_DIR)/Pods-PocketCards-checkManifestLockResult.txt",
			);
			runOnlyForDeploymentPostprocessing = 0;
			shellPath = /bin/sh;
			shellScript = "diff \"${PODS_PODFILE_DIR_PATH}/Podfile.lock\" \"${PODS_ROOT}/Manifest.lock\" > /dev/null\nif [ $? != 0 ] ; then\n    # print error to STDERR\n    echo \"error: The sandbox is not in sync with the Podfile.lock. Run 'pod install' or update your CocoaPods installation.\" >&2\n    exit 1\nfi\n# This output is used by Xcode 'outputs' to avoid re-running this script phase.\necho \"SUCCESS\" > \"${SCRIPT_OUTPUT_FILE_0}\"\n";
			showEnvVarsInLog = 0;
		};
/* End PBXShellScriptBuildPhase section */

/* Begin PBXSourcesBuildPhase section */
		9A2949BF27D58500004279A8 /* Sources */ = {
			isa = PBXSourcesBuildPhase;
			buildActionMask = 2147483647;
			files = (
				9A2949D827D586B9004279A8 /* AppDelegate.swift in Sources */,
				9A2949C927D58500004279A8 /* ContentView.swift in Sources */,
				9A2949DD27D58704004279A8 /* TokenManager.swift in Sources */,
				9A2949E127D58775004279A8 /* Colors.swift in Sources */,
				9A2949DB27D586E4004279A8 /* Alamofire.swift in Sources */,
				9A2949DF27D58727004279A8 /* Authencation.swift in Sources */,
				9A2949C727D58500004279A8 /* PocketCardsApp.swift in Sources */,
			);
			runOnlyForDeploymentPostprocessing = 0;
		};
/* End PBXSourcesBuildPhase section */

/* Begin XCBuildConfiguration section */
		9A2949CF27D58500004279A8 /* Debug */ = {
			isa = XCBuildConfiguration;
			buildSettings = {
				ALWAYS_SEARCH_USER_PATHS = NO;
				CLANG_ANALYZER_NONNULL = YES;
				CLANG_ANALYZER_NUMBER_OBJECT_CONVERSION = YES_AGGRESSIVE;
				CLANG_CXX_LANGUAGE_STANDARD = "gnu++17";
				CLANG_CXX_LIBRARY = "libc++";
				CLANG_ENABLE_MODULES = YES;
				CLANG_ENABLE_OBJC_ARC = YES;
				CLANG_ENABLE_OBJC_WEAK = YES;
				CLANG_WARN_BLOCK_CAPTURE_AUTORELEASING = YES;
				CLANG_WARN_BOOL_CONVERSION = YES;
				CLANG_WARN_COMMA = YES;
				CLANG_WARN_CONSTANT_CONVERSION = YES;
				CLANG_WARN_DEPRECATED_OBJC_IMPLEMENTATIONS = YES;
				CLANG_WARN_DIRECT_OBJC_ISA_USAGE = YES_ERROR;
				CLANG_WARN_DOCUMENTATION_COMMENTS = YES;
				CLANG_WARN_EMPTY_BODY = YES;
				CLANG_WARN_ENUM_CONVERSION = YES;
				CLANG_WARN_INFINITE_RECURSION = YES;
				CLANG_WARN_INT_CONVERSION = YES;
				CLANG_WARN_NON_LITERAL_NULL_CONVERSION = YES;
				CLANG_WARN_OBJC_IMPLICIT_RETAIN_SELF = YES;
				CLANG_WARN_OBJC_LITERAL_CONVERSION = YES;
				CLANG_WARN_OBJC_ROOT_CLASS = YES_ERROR;
				CLANG_WARN_QUOTED_INCLUDE_IN_FRAMEWORK_HEADER = YES;
				CLANG_WARN_RANGE_LOOP_ANALYSIS = YES;
				CLANG_WARN_STRICT_PROTOTYPES = YES;
				CLANG_WARN_SUSPICIOUS_MOVE = YES;
				CLANG_WARN_UNGUARDED_AVAILABILITY = YES_AGGRESSIVE;
				CLANG_WARN_UNREACHABLE_CODE = YES;
				CLANG_WARN__DUPLICATE_METHOD_MATCH = YES;
				COPY_PHASE_STRIP = NO;
				DEBUG_INFORMATION_FORMAT = dwarf;
				ENABLE_STRICT_OBJC_MSGSEND = YES;
				ENABLE_TESTABILITY = YES;
				GCC_C_LANGUAGE_STANDARD = gnu11;
				GCC_DYNAMIC_NO_PIC = NO;
				GCC_NO_COMMON_BLOCKS = YES;
				GCC_OPTIMIZATION_LEVEL = 0;
				GCC_PREPROCESSOR_DEFINITIONS = (
					"DEBUG=1",
					"$(inherited)",
				);
				GCC_WARN_64_TO_32_BIT_CONVERSION = YES;
				GCC_WARN_ABOUT_RETURN_TYPE = YES_ERROR;
				GCC_WARN_UNDECLARED_SELECTOR = YES;
				GCC_WARN_UNINITIALIZED_AUTOS = YES_AGGRESSIVE;
				GCC_WARN_UNUSED_FUNCTION = YES;
				GCC_WARN_UNUSED_VARIABLE = YES;
				IPHONEOS_DEPLOYMENT_TARGET = 15.2;
				MTL_ENABLE_DEBUG_INFO = INCLUDE_SOURCE;
				MTL_FAST_MATH = YES;
				ONLY_ACTIVE_ARCH = YES;
				SDKROOT = iphoneos;
				SWIFT_ACTIVE_COMPILATION_CONDITIONS = DEBUG;
				SWIFT_OPTIMIZATION_LEVEL = "-Onone";
			};
			name = Debug;
		};
		9A2949D027D58500004279A8 /* Release */ = {
			isa = XCBuildConfiguration;
			buildSettings = {
				ALWAYS_SEARCH_USER_PATHS = NO;
				CLANG_ANALYZER_NONNULL = YES;
				CLANG_ANALYZER_NUMBER_OBJECT_CONVERSION = YES_AGGRESSIVE;
				CLANG_CXX_LANGUAGE_STANDARD = "gnu++17";
				CLANG_CXX_LIBRARY = "libc++";
				CLANG_ENABLE_MODULES = YES;
				CLANG_ENABLE_OBJC_ARC = YES;
				CLANG_ENABLE_OBJC_WEAK = YES;
				CLANG_WARN_BLOCK_CAPTURE_AUTORELEASING = YES;
				CLANG_WARN_BOOL_CONVERSION = YES;
				CLANG_WARN_COMMA = YES;
				CLANG_WARN_CONSTANT_CONVERSION = YES;
				CLANG_WARN_DEPRECATED_OBJC_IMPLEMENTATIONS = YES;
				CLANG_WARN_DIRECT_OBJC_ISA_USAGE = YES_ERROR;
				CLANG_WARN_DOCUMENTATION_COMMENTS = YES;
				CLANG_WARN_EMPTY_BODY = YES;
				CLANG_WARN_ENUM_CONVERSION = YES;
				CLANG_WARN_INFINITE_RECURSION = YES;
				CLANG_WARN_INT_CONVERSION = YES;
				CLANG_WARN_NON_LITERAL_NULL_CONVERSION = YES;
				CLANG_WARN_OBJC_IMPLICIT_RETAIN_SELF = YES;
				CLANG_WARN_OBJC_LITERAL_CONVERSION = YES;
				CLANG_WARN_OBJC_ROOT_CLASS = YES_ERROR;
				CLANG_WARN_QUOTED_INCLUDE_IN_FRAMEWORK_HEADER = YES;
				CLANG_WARN_RANGE_LOOP_ANALYSIS = YES;
				CLANG_WARN_STRICT_PROTOTYPES = YES;
				CLANG_WARN_SUSPICIOUS_MOVE = YES;
				CLANG_WARN_UNGUARDED_AVAILABILITY = YES_AGGRESSIVE;
				CLANG_WARN_UNREACHABLE_CODE = YES;
				CLANG_WARN__DUPLICATE_METHOD_MATCH = YES;
				COPY_PHASE_STRIP = NO;
				DEBUG_INFORMATION_FORMAT = "dwarf-with-dsym";
				ENABLE_NS_ASSERTIONS = NO;
				ENABLE_STRICT_OBJC_MSGSEND = YES;
				GCC_C_LANGUAGE_STANDARD = gnu11;
				GCC_NO_COMMON_BLOCKS = YES;
				GCC_WARN_64_TO_32_BIT_CONVERSION = YES;
				GCC_WARN_ABOUT_RETURN_TYPE = YES_ERROR;
				GCC_WARN_UNDECLARED_SELECTOR = YES;
				GCC_WARN_UNINITIALIZED_AUTOS = YES_AGGRESSIVE;
				GCC_WARN_UNUSED_FUNCTION = YES;
				GCC_WARN_UNUSED_VARIABLE = YES;
				IPHONEOS_DEPLOYMENT_TARGET = 15.2;
				MTL_ENABLE_DEBUG_INFO = NO;
				MTL_FAST_MATH = YES;
				SDKROOT = iphoneos;
				SWIFT_COMPILATION_MODE = wholemodule;
				SWIFT_OPTIMIZATION_LEVEL = "-O";
				VALIDATE_PRODUCT = YES;
			};
			name = Release;
		};
		9A2949D227D58500004279A8 /* Debug */ = {
			isa = XCBuildConfiguration;
			baseConfigurationReference = E5C607703176596A0DB88F52 /* Pods-PocketCards.debug.xcconfig */;
			buildSettings = {
				ASSETCATALOG_COMPILER_APPICON_NAME = AppIcon;
				ASSETCATALOG_COMPILER_GLOBAL_ACCENT_COLOR_NAME = AccentColor;
				CODE_SIGN_STYLE = Automatic;
				CURRENT_PROJECT_VERSION = 1;
				DEVELOPMENT_ASSET_PATHS = "\"PocketCards/Preview Content\"";
				DEVELOPMENT_TEAM = 2JDRC7FU6F;
				ENABLE_PREVIEWS = YES;
				GENERATE_INFOPLIST_FILE = YES;
				INFOPLIST_FILE = PocketCards/Info.plist;
				INFOPLIST_KEY_UIApplicationSceneManifest_Generation = YES;
				INFOPLIST_KEY_UIApplicationSupportsIndirectInputEvents = YES;
				INFOPLIST_KEY_UILaunchScreen_Generation = YES;
				INFOPLIST_KEY_UISupportedInterfaceOrientations = "UIInterfaceOrientationPortrait UIInterfaceOrientationLandscapeLeft UIInterfaceOrientationLandscapeRight";
				INFOPLIST_KEY_UISupportedInterfaceOrientations_iPad = "UIInterfaceOrientationPortrait UIInterfaceOrientationPortraitUpsideDown UIInterfaceOrientationLandscapeLeft UIInterfaceOrientationLandscapeRight";
				INFOPLIST_KEY_UISupportedInterfaceOrientations_iPhone = "UIInterfaceOrientationPortrait UIInterfaceOrientationLandscapeLeft UIInterfaceOrientationLandscapeRight";
				LD_RUNPATH_SEARCH_PATHS = (
					"$(inherited)",
					"@executable_path/Frameworks",
				);
				MARKETING_VERSION = 1.0;
				PRODUCT_BUNDLE_IDENTIFIER = com.alpha.PocketCards;
				PRODUCT_NAME = "$(TARGET_NAME)";
				SWIFT_EMIT_LOC_STRINGS = YES;
				SWIFT_VERSION = 5.0;
				TARGETED_DEVICE_FAMILY = "1,2";
			};
			name = Debug;
		};
		9A2949D327D58500004279A8 /* Release */ = {
			isa = XCBuildConfiguration;
			baseConfigurationReference = 0037A1A01A268E24FDCEE759 /* Pods-PocketCards.release.xcconfig */;
			buildSettings = {
				ASSETCATALOG_COMPILER_APPICON_NAME = AppIcon;
				ASSETCATALOG_COMPILER_GLOBAL_ACCENT_COLOR_NAME = AccentColor;
				CODE_SIGN_STYLE = Automatic;
				CURRENT_PROJECT_VERSION = 1;
				DEVELOPMENT_ASSET_PATHS = "\"PocketCards/Preview Content\"";
				DEVELOPMENT_TEAM = 2JDRC7FU6F;
				ENABLE_PREVIEWS = YES;
				GENERATE_INFOPLIST_FILE = YES;
				INFOPLIST_FILE = PocketCards/Info.plist;
				INFOPLIST_KEY_UIApplicationSceneManifest_Generation = YES;
				INFOPLIST_KEY_UIApplicationSupportsIndirectInputEvents = YES;
				INFOPLIST_KEY_UILaunchScreen_Generation = YES;
				INFOPLIST_KEY_UISupportedInterfaceOrientations = "UIInterfaceOrientationPortrait UIInterfaceOrientationLandscapeLeft UIInterfaceOrientationLandscapeRight";
				INFOPLIST_KEY_UISupportedInterfaceOrientations_iPad = "UIInterfaceOrientationPortrait UIInterfaceOrientationPortraitUpsideDown UIInterfaceOrientationLandscapeLeft UIInterfaceOrientationLandscapeRight";
				INFOPLIST_KEY_UISupportedInterfaceOrientations_iPhone = "UIInterfaceOrientationPortrait UIInterfaceOrientationLandscapeLeft UIInterfaceOrientationLandscapeRight";
				LD_RUNPATH_SEARCH_PATHS = (
					"$(inherited)",
					"@executable_path/Frameworks",
				);
				MARKETING_VERSION = 1.0;
				PRODUCT_BUNDLE_IDENTIFIER = com.alpha.PocketCards;
				PRODUCT_NAME = "$(TARGET_NAME)";
				SWIFT_EMIT_LOC_STRINGS = YES;
				SWIFT_VERSION = 5.0;
				TARGETED_DEVICE_FAMILY = "1,2";
			};
			name = Release;
		};
/* End XCBuildConfiguration section */

/* Begin XCConfigurationList section */
		9A2949BE27D58500004279A8 /* Build configuration list for PBXProject "PocketCards" */ = {
			isa = XCConfigurationList;
			buildConfigurations = (
				9A2949CF27D58500004279A8 /* Debug */,
				9A2949D027D58500004279A8 /* Release */,
			);
			defaultConfigurationIsVisible = 0;
			defaultConfigurationName = Release;
		};
		9A2949D127D58500004279A8 /* Build configuration list for PBXNativeTarget "PocketCards" */ = {
			isa = XCConfigurationList;
			buildConfigurations = (
				9A2949D227D58500004279A8 /* Debug */,
				9A2949D327D58500004279A8 /* Release */,
			);
			defaultConfigurationIsVisible = 0;
			defaultConfigurationName = Release;
		};
/* End XCConfigurationList section */
	};
	rootObject = 9A2949BB27D58500004279A8 /* Project object */;
}
