// !$*UTF8*$!
{
	archiveVersion = 1;
	classes = {
	};
	objectVersion = 55;
	objects = {

/* Begin PBXBuildFile section */
		8E787B910DB2F0FFDD8E553A /* Pods_PocketCards.framework in Frameworks */ = {isa = PBXBuildFile; fileRef = 9B6883D21AA546318D9DFDB4 /* Pods_PocketCards.framework */; };
		9A1FD24D27D7369B0000A16B /* PocketCardsApp.swift in Sources */ = {isa = PBXBuildFile; fileRef = 9A1FD24C27D7369B0000A16B /* PocketCardsApp.swift */; };
		9A1FD24F27D7369B0000A16B /* ContentView.swift in Sources */ = {isa = PBXBuildFile; fileRef = 9A1FD24E27D7369B0000A16B /* ContentView.swift */; };
		9A1FD25127D7369C0000A16B /* Assets.xcassets in Resources */ = {isa = PBXBuildFile; fileRef = 9A1FD25027D7369C0000A16B /* Assets.xcassets */; };
		9A1FD25427D7369C0000A16B /* Preview Assets.xcassets in Resources */ = {isa = PBXBuildFile; fileRef = 9A1FD25327D7369C0000A16B /* Preview Assets.xcassets */; };
		9A1FD26527D738CF0000A16B /* AppDelegate.swift in Sources */ = {isa = PBXBuildFile; fileRef = 9A1FD26427D738CF0000A16B /* AppDelegate.swift */; };
		9A1FD29327D7394C0000A16B /* ChoiceButton.swift in Sources */ = {isa = PBXBuildFile; fileRef = 9A1FD27327D7394C0000A16B /* ChoiceButton.swift */; };
		9A1FD29427D7394C0000A16B /* ChoiceQuestion.swift in Sources */ = {isa = PBXBuildFile; fileRef = 9A1FD27527D7394C0000A16B /* ChoiceQuestion.swift */; };
		9A1FD29527D7394C0000A16B /* LanguageHomeRouter.swift in Sources */ = {isa = PBXBuildFile; fileRef = 9A1FD27A27D7394C0000A16B /* LanguageHomeRouter.swift */; };
		9A1FD29627D7394C0000A16B /* LanguageHomeView.swift in Sources */ = {isa = PBXBuildFile; fileRef = 9A1FD27B27D7394C0000A16B /* LanguageHomeView.swift */; };
		9A1FD29727D7394C0000A16B /* RootRouter.swift in Sources */ = {isa = PBXBuildFile; fileRef = 9A1FD27D27D7394C0000A16B /* RootRouter.swift */; };
		9A1FD29827D7394C0000A16B /* RootView.swift in Sources */ = {isa = PBXBuildFile; fileRef = 9A1FD27E27D7394C0000A16B /* RootView.swift */; };
		9A1FD29927D7394C0000A16B /* RootContract.swift in Sources */ = {isa = PBXBuildFile; fileRef = 9A1FD27F27D7394C0000A16B /* RootContract.swift */; };
		9A1FD29A27D7394C0000A16B /* DailyStudyView.swift in Sources */ = {isa = PBXBuildFile; fileRef = 9A1FD28127D7394C0000A16B /* DailyStudyView.swift */; };
		9A1FD29B27D7394C0000A16B /* DailyStudyViewModel.swift in Sources */ = {isa = PBXBuildFile; fileRef = 9A1FD28227D7394C0000A16B /* DailyStudyViewModel.swift */; };
		9A1FD29C27D7394C0000A16B /* DailyStudyInteractor.swift in Sources */ = {isa = PBXBuildFile; fileRef = 9A1FD28327D7394C0000A16B /* DailyStudyInteractor.swift */; };
		9A1FD29D27D7394C0000A16B /* DailyStudyPresenter.swift in Sources */ = {isa = PBXBuildFile; fileRef = 9A1FD28427D7394C0000A16B /* DailyStudyPresenter.swift */; };
		9A1FD29E27D7394C0000A16B /* DailyStudyContract.swift in Sources */ = {isa = PBXBuildFile; fileRef = 9A1FD28527D7394C0000A16B /* DailyStudyContract.swift */; };
		9A1FD29F27D7394C0000A16B /* LoginView.swift in Sources */ = {isa = PBXBuildFile; fileRef = 9A1FD28727D7394C0000A16B /* LoginView.swift */; };
		9A1FD2A027D7394C0000A16B /* Consts.swift in Sources */ = {isa = PBXBuildFile; fileRef = 9A1FD28927D7394C0000A16B /* Consts.swift */; };
		9A1FD2A127D7394C0000A16B /* Authencation.swift in Sources */ = {isa = PBXBuildFile; fileRef = 9A1FD28A27D7394C0000A16B /* Authencation.swift */; };
		9A1FD2A227D7394C0000A16B /* TokenManager.swift in Sources */ = {isa = PBXBuildFile; fileRef = 9A1FD28B27D7394C0000A16B /* TokenManager.swift */; };
		9A1FD2A327D7394C0000A16B /* Alamofire.swift in Sources */ = {isa = PBXBuildFile; fileRef = 9A1FD28C27D7394C0000A16B /* Alamofire.swift */; };
		9A1FD2A427D7394C0000A16B /* Colors.swift in Sources */ = {isa = PBXBuildFile; fileRef = 9A1FD28D27D7394C0000A16B /* Colors.swift */; };
		9A1FD2A527D7394C0000A16B /* Question.swift in Sources */ = {isa = PBXBuildFile; fileRef = 9A1FD29027D7394C0000A16B /* Question.swift */; };
		9A1FD2A627D7394C0000A16B /* QuestionServices.swift in Sources */ = {isa = PBXBuildFile; fileRef = 9A1FD29227D7394C0000A16B /* QuestionServices.swift */; };
		9A6E044D27DC28D6005D87EE /* NavigationBarModifier.swift in Sources */ = {isa = PBXBuildFile; fileRef = 9A6E044C27DC28D6005D87EE /* NavigationBarModifier.swift */; };
		9A7F876A27D747C800446E9D /* FlashCard.swift in Sources */ = {isa = PBXBuildFile; fileRef = 9A7F876927D747C700446E9D /* FlashCard.swift */; };
		9A7F876C27D7498600446E9D /* FlippingView.swift in Sources */ = {isa = PBXBuildFile; fileRef = 9A7F876B27D7498600446E9D /* FlippingView.swift */; };
		9A7F877227D7602500446E9D /* ScienceHomeRouter.swift in Sources */ = {isa = PBXBuildFile; fileRef = 9A7F877127D7602500446E9D /* ScienceHomeRouter.swift */; };
		9A7F877427D7603300446E9D /* ScienceHomeView.swift in Sources */ = {isa = PBXBuildFile; fileRef = 9A7F877327D7603300446E9D /* ScienceHomeView.swift */; };
		9A7F877627D7604D00446E9D /* SocietyHomeView.swift in Sources */ = {isa = PBXBuildFile; fileRef = 9A7F877527D7604D00446E9D /* SocietyHomeView.swift */; };
		9A7F877827D7606800446E9D /* SocietyHomeRouter.swift in Sources */ = {isa = PBXBuildFile; fileRef = 9A7F877727D7606800446E9D /* SocietyHomeRouter.swift */; };
		9A7F877A27D8269600446E9D /* Environments.swift in Sources */ = {isa = PBXBuildFile; fileRef = 9A7F877927D8269600446E9D /* Environments.swift */; };
		9AED5AEE27DC22A1009A7A76 /* SwiftUIView.swift in Sources */ = {isa = PBXBuildFile; fileRef = 9AED5AED27DC22A1009A7A76 /* SwiftUIView.swift */; };
		9AF57E6727D8DC60002B1F32 /* DailyTestView.swift in Sources */ = {isa = PBXBuildFile; fileRef = 9AF57E6627D8DC60002B1F32 /* DailyTestView.swift */; };
		9AF57E6927D8DC6F002B1F32 /* DailyTestViewModel.swift in Sources */ = {isa = PBXBuildFile; fileRef = 9AF57E6827D8DC6F002B1F32 /* DailyTestViewModel.swift */; };
		9AF57E6B27D96288002B1F32 /* DailyTestInteractor.swift in Sources */ = {isa = PBXBuildFile; fileRef = 9AF57E6A27D96288002B1F32 /* DailyTestInteractor.swift */; };
		9AF57E6D27D96292002B1F32 /* DailyTestPresenter.swift in Sources */ = {isa = PBXBuildFile; fileRef = 9AF57E6C27D96292002B1F32 /* DailyTestPresenter.swift */; };
		9AF57E6F27D962A0002B1F32 /* DailyTestContract.swift in Sources */ = {isa = PBXBuildFile; fileRef = 9AF57E6E27D962A0002B1F32 /* DailyTestContract.swift */; };
		9AF57E7127D96624002B1F32 /* StringUtils.swift in Sources */ = {isa = PBXBuildFile; fileRef = 9AF57E7027D96624002B1F32 /* StringUtils.swift */; };
/* End PBXBuildFile section */

/* Begin PBXFileReference section */
		85615E6482D9C98A21B1D7CA /* Pods-PocketCards.release.xcconfig */ = {isa = PBXFileReference; includeInIndex = 1; lastKnownFileType = text.xcconfig; name = "Pods-PocketCards.release.xcconfig"; path = "Target Support Files/Pods-PocketCards/Pods-PocketCards.release.xcconfig"; sourceTree = "<group>"; };
		9A1FD24927D7369B0000A16B /* 勉強にゃん.app */ = {isa = PBXFileReference; explicitFileType = wrapper.application; includeInIndex = 0; path = "勉強にゃん.app"; sourceTree = BUILT_PRODUCTS_DIR; };
		9A1FD24C27D7369B0000A16B /* PocketCardsApp.swift */ = {isa = PBXFileReference; lastKnownFileType = sourcecode.swift; path = PocketCardsApp.swift; sourceTree = "<group>"; };
		9A1FD24E27D7369B0000A16B /* ContentView.swift */ = {isa = PBXFileReference; lastKnownFileType = sourcecode.swift; path = ContentView.swift; sourceTree = "<group>"; };
		9A1FD25027D7369C0000A16B /* Assets.xcassets */ = {isa = PBXFileReference; lastKnownFileType = folder.assetcatalog; path = Assets.xcassets; sourceTree = "<group>"; };
		9A1FD25327D7369C0000A16B /* Preview Assets.xcassets */ = {isa = PBXFileReference; lastKnownFileType = folder.assetcatalog; path = "Preview Assets.xcassets"; sourceTree = "<group>"; };
		9A1FD26427D738CF0000A16B /* AppDelegate.swift */ = {isa = PBXFileReference; fileEncoding = 4; lastKnownFileType = sourcecode.swift; path = AppDelegate.swift; sourceTree = "<group>"; };
		9A1FD27327D7394C0000A16B /* ChoiceButton.swift */ = {isa = PBXFileReference; fileEncoding = 4; lastKnownFileType = sourcecode.swift; path = ChoiceButton.swift; sourceTree = "<group>"; };
		9A1FD27527D7394C0000A16B /* ChoiceQuestion.swift */ = {isa = PBXFileReference; fileEncoding = 4; lastKnownFileType = sourcecode.swift; path = ChoiceQuestion.swift; sourceTree = "<group>"; };
		9A1FD27A27D7394C0000A16B /* LanguageHomeRouter.swift */ = {isa = PBXFileReference; fileEncoding = 4; lastKnownFileType = sourcecode.swift; path = LanguageHomeRouter.swift; sourceTree = "<group>"; };
		9A1FD27B27D7394C0000A16B /* LanguageHomeView.swift */ = {isa = PBXFileReference; fileEncoding = 4; lastKnownFileType = sourcecode.swift; path = LanguageHomeView.swift; sourceTree = "<group>"; };
		9A1FD27D27D7394C0000A16B /* RootRouter.swift */ = {isa = PBXFileReference; fileEncoding = 4; lastKnownFileType = sourcecode.swift; path = RootRouter.swift; sourceTree = "<group>"; };
		9A1FD27E27D7394C0000A16B /* RootView.swift */ = {isa = PBXFileReference; fileEncoding = 4; lastKnownFileType = sourcecode.swift; path = RootView.swift; sourceTree = "<group>"; };
		9A1FD27F27D7394C0000A16B /* RootContract.swift */ = {isa = PBXFileReference; fileEncoding = 4; lastKnownFileType = sourcecode.swift; path = RootContract.swift; sourceTree = "<group>"; };
		9A1FD28127D7394C0000A16B /* DailyStudyView.swift */ = {isa = PBXFileReference; fileEncoding = 4; lastKnownFileType = sourcecode.swift; path = DailyStudyView.swift; sourceTree = "<group>"; };
		9A1FD28227D7394C0000A16B /* DailyStudyViewModel.swift */ = {isa = PBXFileReference; fileEncoding = 4; lastKnownFileType = sourcecode.swift; path = DailyStudyViewModel.swift; sourceTree = "<group>"; };
		9A1FD28327D7394C0000A16B /* DailyStudyInteractor.swift */ = {isa = PBXFileReference; fileEncoding = 4; lastKnownFileType = sourcecode.swift; path = DailyStudyInteractor.swift; sourceTree = "<group>"; };
		9A1FD28427D7394C0000A16B /* DailyStudyPresenter.swift */ = {isa = PBXFileReference; fileEncoding = 4; lastKnownFileType = sourcecode.swift; path = DailyStudyPresenter.swift; sourceTree = "<group>"; };
		9A1FD28527D7394C0000A16B /* DailyStudyContract.swift */ = {isa = PBXFileReference; fileEncoding = 4; lastKnownFileType = sourcecode.swift; path = DailyStudyContract.swift; sourceTree = "<group>"; };
		9A1FD28727D7394C0000A16B /* LoginView.swift */ = {isa = PBXFileReference; fileEncoding = 4; lastKnownFileType = sourcecode.swift; path = LoginView.swift; sourceTree = "<group>"; };
		9A1FD28927D7394C0000A16B /* Consts.swift */ = {isa = PBXFileReference; fileEncoding = 4; lastKnownFileType = sourcecode.swift; path = Consts.swift; sourceTree = "<group>"; };
		9A1FD28A27D7394C0000A16B /* Authencation.swift */ = {isa = PBXFileReference; fileEncoding = 4; lastKnownFileType = sourcecode.swift; path = Authencation.swift; sourceTree = "<group>"; };
		9A1FD28B27D7394C0000A16B /* TokenManager.swift */ = {isa = PBXFileReference; fileEncoding = 4; lastKnownFileType = sourcecode.swift; path = TokenManager.swift; sourceTree = "<group>"; };
		9A1FD28C27D7394C0000A16B /* Alamofire.swift */ = {isa = PBXFileReference; fileEncoding = 4; lastKnownFileType = sourcecode.swift; path = Alamofire.swift; sourceTree = "<group>"; };
		9A1FD28D27D7394C0000A16B /* Colors.swift */ = {isa = PBXFileReference; fileEncoding = 4; lastKnownFileType = sourcecode.swift; path = Colors.swift; sourceTree = "<group>"; };
		9A1FD29027D7394C0000A16B /* Question.swift */ = {isa = PBXFileReference; fileEncoding = 4; lastKnownFileType = sourcecode.swift; path = Question.swift; sourceTree = "<group>"; };
		9A1FD29227D7394C0000A16B /* QuestionServices.swift */ = {isa = PBXFileReference; fileEncoding = 4; lastKnownFileType = sourcecode.swift; path = QuestionServices.swift; sourceTree = "<group>"; };
		9A1FD2A727D7406B0000A16B /* Info.plist */ = {isa = PBXFileReference; lastKnownFileType = text.plist; path = Info.plist; sourceTree = "<group>"; };
		9A6E044C27DC28D6005D87EE /* NavigationBarModifier.swift */ = {isa = PBXFileReference; lastKnownFileType = sourcecode.swift; path = NavigationBarModifier.swift; sourceTree = "<group>"; };
		9A7F876927D747C700446E9D /* FlashCard.swift */ = {isa = PBXFileReference; lastKnownFileType = sourcecode.swift; path = FlashCard.swift; sourceTree = "<group>"; };
		9A7F876B27D7498600446E9D /* FlippingView.swift */ = {isa = PBXFileReference; lastKnownFileType = sourcecode.swift; path = FlippingView.swift; sourceTree = "<group>"; };
		9A7F877127D7602500446E9D /* ScienceHomeRouter.swift */ = {isa = PBXFileReference; lastKnownFileType = sourcecode.swift; path = ScienceHomeRouter.swift; sourceTree = "<group>"; };
		9A7F877327D7603300446E9D /* ScienceHomeView.swift */ = {isa = PBXFileReference; lastKnownFileType = sourcecode.swift; path = ScienceHomeView.swift; sourceTree = "<group>"; };
		9A7F877527D7604D00446E9D /* SocietyHomeView.swift */ = {isa = PBXFileReference; lastKnownFileType = sourcecode.swift; path = SocietyHomeView.swift; sourceTree = "<group>"; };
		9A7F877727D7606800446E9D /* SocietyHomeRouter.swift */ = {isa = PBXFileReference; lastKnownFileType = sourcecode.swift; path = SocietyHomeRouter.swift; sourceTree = "<group>"; };
		9A7F877927D8269600446E9D /* Environments.swift */ = {isa = PBXFileReference; lastKnownFileType = sourcecode.swift; path = Environments.swift; sourceTree = "<group>"; };
		9AED5AED27DC22A1009A7A76 /* SwiftUIView.swift */ = {isa = PBXFileReference; lastKnownFileType = sourcecode.swift; path = SwiftUIView.swift; sourceTree = "<group>"; };
		9AF57E6627D8DC60002B1F32 /* DailyTestView.swift */ = {isa = PBXFileReference; lastKnownFileType = sourcecode.swift; path = DailyTestView.swift; sourceTree = "<group>"; };
		9AF57E6827D8DC6F002B1F32 /* DailyTestViewModel.swift */ = {isa = PBXFileReference; lastKnownFileType = sourcecode.swift; path = DailyTestViewModel.swift; sourceTree = "<group>"; };
		9AF57E6A27D96288002B1F32 /* DailyTestInteractor.swift */ = {isa = PBXFileReference; lastKnownFileType = sourcecode.swift; path = DailyTestInteractor.swift; sourceTree = "<group>"; };
		9AF57E6C27D96292002B1F32 /* DailyTestPresenter.swift */ = {isa = PBXFileReference; lastKnownFileType = sourcecode.swift; path = DailyTestPresenter.swift; sourceTree = "<group>"; };
		9AF57E6E27D962A0002B1F32 /* DailyTestContract.swift */ = {isa = PBXFileReference; lastKnownFileType = sourcecode.swift; path = DailyTestContract.swift; sourceTree = "<group>"; };
		9AF57E7027D96624002B1F32 /* StringUtils.swift */ = {isa = PBXFileReference; lastKnownFileType = sourcecode.swift; path = StringUtils.swift; sourceTree = "<group>"; };
		9AF57EA527D9D35D002B1F32 /* PocketCards copy-Info.plist */ = {isa = PBXFileReference; lastKnownFileType = text.plist.xml; name = "PocketCards copy-Info.plist"; path = "/Users/macmini/Documents/projects/pocket-cards/frontend/swift/PocketCards copy-Info.plist"; sourceTree = "<absolute>"; };
		9B6883D21AA546318D9DFDB4 /* Pods_PocketCards.framework */ = {isa = PBXFileReference; explicitFileType = wrapper.framework; includeInIndex = 0; path = Pods_PocketCards.framework; sourceTree = BUILT_PRODUCTS_DIR; };
		9F24140CE1BDC4A02837DB2D /* Pods-PocketCards.debug.xcconfig */ = {isa = PBXFileReference; includeInIndex = 1; lastKnownFileType = text.xcconfig; name = "Pods-PocketCards.debug.xcconfig"; path = "Target Support Files/Pods-PocketCards/Pods-PocketCards.debug.xcconfig"; sourceTree = "<group>"; };
/* End PBXFileReference section */

/* Begin PBXFrameworksBuildPhase section */
		9A1FD24627D7369B0000A16B /* Frameworks */ = {
			isa = PBXFrameworksBuildPhase;
			buildActionMask = 2147483647;
			files = (
				8E787B910DB2F0FFDD8E553A /* Pods_PocketCards.framework in Frameworks */,
			);
			runOnlyForDeploymentPostprocessing = 0;
		};
/* End PBXFrameworksBuildPhase section */

/* Begin PBXGroup section */
		21995CF8A05F90E62A3C1153 /* Frameworks */ = {
			isa = PBXGroup;
			children = (
				9B6883D21AA546318D9DFDB4 /* Pods_PocketCards.framework */,
			);
			name = Frameworks;
			sourceTree = "<group>";
		};
		9A1FD24027D7369B0000A16B = {
			isa = PBXGroup;
			children = (
				9A1FD24B27D7369B0000A16B /* PocketCards */,
				9A1FD24A27D7369B0000A16B /* Products */,
				B09FBC9FFFA9B5A600498F48 /* Pods */,
				21995CF8A05F90E62A3C1153 /* Frameworks */,
				9AF57EA527D9D35D002B1F32 /* PocketCards copy-Info.plist */,
			);
			sourceTree = "<group>";
		};
		9A1FD24A27D7369B0000A16B /* Products */ = {
			isa = PBXGroup;
			children = (
				9A1FD24927D7369B0000A16B /* 勉強にゃん.app */,
			);
			name = Products;
			sourceTree = "<group>";
		};
		9A1FD24B27D7369B0000A16B /* PocketCards */ = {
			isa = PBXGroup;
			children = (
				9A1FD27127D7394C0000A16B /* Components */,
				9A1FD28E27D7394C0000A16B /* Domain */,
				9A1FD27627D7394C0000A16B /* Scenes */,
				9A1FD28827D7394C0000A16B /* Utils */,
				9A1FD24C27D7369B0000A16B /* PocketCardsApp.swift */,
				9A1FD26427D738CF0000A16B /* AppDelegate.swift */,
				9A1FD24E27D7369B0000A16B /* ContentView.swift */,
				9A1FD25027D7369C0000A16B /* Assets.xcassets */,
				9A1FD2A727D7406B0000A16B /* Info.plist */,
				9A1FD25227D7369C0000A16B /* Preview Content */,
				9A7F876B27D7498600446E9D /* FlippingView.swift */,
				9AED5AED27DC22A1009A7A76 /* SwiftUIView.swift */,
			);
			path = PocketCards;
			sourceTree = "<group>";
		};
		9A1FD25227D7369C0000A16B /* Preview Content */ = {
			isa = PBXGroup;
			children = (
				9A1FD25327D7369C0000A16B /* Preview Assets.xcassets */,
			);
			path = "Preview Content";
			sourceTree = "<group>";
		};
		9A1FD27127D7394C0000A16B /* Components */ = {
			isa = PBXGroup;
			children = (
				9A1FD27227D7394C0000A16B /* Button */,
				9A1FD27427D7394C0000A16B /* View */,
				9A6E044C27DC28D6005D87EE /* NavigationBarModifier.swift */,
			);
			path = Components;
			sourceTree = "<group>";
		};
		9A1FD27227D7394C0000A16B /* Button */ = {
			isa = PBXGroup;
			children = (
				9A1FD27327D7394C0000A16B /* ChoiceButton.swift */,
			);
			path = Button;
			sourceTree = "<group>";
		};
		9A1FD27427D7394C0000A16B /* View */ = {
			isa = PBXGroup;
			children = (
				9A1FD27527D7394C0000A16B /* ChoiceQuestion.swift */,
				9A7F876927D747C700446E9D /* FlashCard.swift */,
			);
			path = View;
			sourceTree = "<group>";
		};
		9A1FD27627D7394C0000A16B /* Scenes */ = {
			isa = PBXGroup;
			children = (
				9A7F876F27D7600B00446E9D /* Society */,
				9A7F876D27D75FEC00446E9D /* Science */,
				9A1FD27827D7394C0000A16B /* Language */,
				9A1FD27C27D7394C0000A16B /* Root */,
				9A1FD27727D7394C0000A16B /* DailyTest */,
				9A1FD28027D7394C0000A16B /* DailyStudy */,
				9A1FD28627D7394C0000A16B /* Login */,
			);
			path = Scenes;
			sourceTree = "<group>";
		};
		9A1FD27727D7394C0000A16B /* DailyTest */ = {
			isa = PBXGroup;
			children = (
				9AF57E6627D8DC60002B1F32 /* DailyTestView.swift */,
				9AF57E6827D8DC6F002B1F32 /* DailyTestViewModel.swift */,
				9AF57E6A27D96288002B1F32 /* DailyTestInteractor.swift */,
				9AF57E6C27D96292002B1F32 /* DailyTestPresenter.swift */,
				9AF57E6E27D962A0002B1F32 /* DailyTestContract.swift */,
			);
			path = DailyTest;
			sourceTree = "<group>";
		};
		9A1FD27827D7394C0000A16B /* Language */ = {
			isa = PBXGroup;
			children = (
				9A1FD27927D7394C0000A16B /* Home */,
			);
			path = Language;
			sourceTree = "<group>";
		};
		9A1FD27927D7394C0000A16B /* Home */ = {
			isa = PBXGroup;
			children = (
				9A1FD27A27D7394C0000A16B /* LanguageHomeRouter.swift */,
				9A1FD27B27D7394C0000A16B /* LanguageHomeView.swift */,
			);
			path = Home;
			sourceTree = "<group>";
		};
		9A1FD27C27D7394C0000A16B /* Root */ = {
			isa = PBXGroup;
			children = (
				9A1FD27D27D7394C0000A16B /* RootRouter.swift */,
				9A1FD27E27D7394C0000A16B /* RootView.swift */,
				9A1FD27F27D7394C0000A16B /* RootContract.swift */,
			);
			path = Root;
			sourceTree = "<group>";
		};
		9A1FD28027D7394C0000A16B /* DailyStudy */ = {
			isa = PBXGroup;
			children = (
				9A1FD28127D7394C0000A16B /* DailyStudyView.swift */,
				9A1FD28227D7394C0000A16B /* DailyStudyViewModel.swift */,
				9A1FD28327D7394C0000A16B /* DailyStudyInteractor.swift */,
				9A1FD28427D7394C0000A16B /* DailyStudyPresenter.swift */,
				9A1FD28527D7394C0000A16B /* DailyStudyContract.swift */,
			);
			path = DailyStudy;
			sourceTree = "<group>";
		};
		9A1FD28627D7394C0000A16B /* Login */ = {
			isa = PBXGroup;
			children = (
				9A1FD28727D7394C0000A16B /* LoginView.swift */,
			);
			path = Login;
			sourceTree = "<group>";
		};
		9A1FD28827D7394C0000A16B /* Utils */ = {
			isa = PBXGroup;
			children = (
				9A1FD28927D7394C0000A16B /* Consts.swift */,
				9A1FD28A27D7394C0000A16B /* Authencation.swift */,
				9A1FD28B27D7394C0000A16B /* TokenManager.swift */,
				9A1FD28C27D7394C0000A16B /* Alamofire.swift */,
				9A1FD28D27D7394C0000A16B /* Colors.swift */,
				9A7F877927D8269600446E9D /* Environments.swift */,
				9AF57E7027D96624002B1F32 /* StringUtils.swift */,
			);
			path = Utils;
			sourceTree = "<group>";
		};
		9A1FD28E27D7394C0000A16B /* Domain */ = {
			isa = PBXGroup;
			children = (
				9A1FD28F27D7394C0000A16B /* Models */,
				9A1FD29127D7394C0000A16B /* Services */,
			);
			path = Domain;
			sourceTree = "<group>";
		};
		9A1FD28F27D7394C0000A16B /* Models */ = {
			isa = PBXGroup;
			children = (
				9A1FD29027D7394C0000A16B /* Question.swift */,
			);
			path = Models;
			sourceTree = "<group>";
		};
		9A1FD29127D7394C0000A16B /* Services */ = {
			isa = PBXGroup;
			children = (
				9A1FD29227D7394C0000A16B /* QuestionServices.swift */,
			);
			path = Services;
			sourceTree = "<group>";
		};
		9A7F876D27D75FEC00446E9D /* Science */ = {
			isa = PBXGroup;
			children = (
				9A7F876E27D7600300446E9D /* Home */,
			);
			path = Science;
			sourceTree = "<group>";
		};
		9A7F876E27D7600300446E9D /* Home */ = {
			isa = PBXGroup;
			children = (
				9A7F877127D7602500446E9D /* ScienceHomeRouter.swift */,
				9A7F877327D7603300446E9D /* ScienceHomeView.swift */,
			);
			path = Home;
			sourceTree = "<group>";
		};
		9A7F876F27D7600B00446E9D /* Society */ = {
			isa = PBXGroup;
			children = (
				9A7F877027D7601400446E9D /* Home */,
			);
			path = Society;
			sourceTree = "<group>";
		};
		9A7F877027D7601400446E9D /* Home */ = {
			isa = PBXGroup;
			children = (
				9A7F877727D7606800446E9D /* SocietyHomeRouter.swift */,
				9A7F877527D7604D00446E9D /* SocietyHomeView.swift */,
			);
			path = Home;
			sourceTree = "<group>";
		};
		B09FBC9FFFA9B5A600498F48 /* Pods */ = {
			isa = PBXGroup;
			children = (
				9F24140CE1BDC4A02837DB2D /* Pods-PocketCards.debug.xcconfig */,
				85615E6482D9C98A21B1D7CA /* Pods-PocketCards.release.xcconfig */,
			);
			path = Pods;
			sourceTree = "<group>";
		};
/* End PBXGroup section */

/* Begin PBXNativeTarget section */
		9A1FD24827D7369B0000A16B /* PocketCards */ = {
			isa = PBXNativeTarget;
			buildConfigurationList = 9A1FD25727D7369C0000A16B /* Build configuration list for PBXNativeTarget "PocketCards" */;
			buildPhases = (
				1AFA513685F2ECC588516A83 /* [CP] Check Pods Manifest.lock */,
				9A1FD24527D7369B0000A16B /* Sources */,
				9A1FD24627D7369B0000A16B /* Frameworks */,
				9A1FD24727D7369B0000A16B /* Resources */,
				5A0DF2CAA75DE5665A65862B /* [CP] Embed Pods Frameworks */,
			);
			buildRules = (
			);
			dependencies = (
			);
			name = PocketCards;
			productName = PocketCards;
			productReference = 9A1FD24927D7369B0000A16B /* 勉強にゃん.app */;
			productType = "com.apple.product-type.application";
		};
/* End PBXNativeTarget section */

/* Begin PBXProject section */
		9A1FD24127D7369B0000A16B /* Project object */ = {
			isa = PBXProject;
			attributes = {
				BuildIndependentTargetsInParallel = 1;
				LastSwiftUpdateCheck = 1320;
				LastUpgradeCheck = 1320;
				TargetAttributes = {
					9A1FD24827D7369B0000A16B = {
						CreatedOnToolsVersion = 13.2.1;
					};
				};
			};
			buildConfigurationList = 9A1FD24427D7369B0000A16B /* Build configuration list for PBXProject "PocketCards" */;
			compatibilityVersion = "Xcode 13.0";
			developmentRegion = en;
			hasScannedForEncodings = 0;
			knownRegions = (
				en,
				Base,
			);
			mainGroup = 9A1FD24027D7369B0000A16B;
			productRefGroup = 9A1FD24A27D7369B0000A16B /* Products */;
			projectDirPath = "";
			projectRoot = "";
			targets = (
				9A1FD24827D7369B0000A16B /* PocketCards */,
			);
		};
/* End PBXProject section */

/* Begin PBXResourcesBuildPhase section */
		9A1FD24727D7369B0000A16B /* Resources */ = {
			isa = PBXResourcesBuildPhase;
			buildActionMask = 2147483647;
			files = (
				9A1FD25427D7369C0000A16B /* Preview Assets.xcassets in Resources */,
				9A1FD25127D7369C0000A16B /* Assets.xcassets in Resources */,
			);
			runOnlyForDeploymentPostprocessing = 0;
		};
/* End PBXResourcesBuildPhase section */

/* Begin PBXShellScriptBuildPhase section */
		1AFA513685F2ECC588516A83 /* [CP] Check Pods Manifest.lock */ = {
			isa = PBXShellScriptBuildPhase;
			buildActionMask = 2147483647;
			files = (
			);
			inputFileListPaths = (
			);
			inputPaths = (
				"${PODS_PODFILE_DIR_PATH}/Podfile.lock",
				"${PODS_ROOT}/Manifest.lock",
			);
			name = "[CP] Check Pods Manifest.lock";
			outputFileListPaths = (
			);
			outputPaths = (
				"$(DERIVED_FILE_DIR)/Pods-PocketCards-checkManifestLockResult.txt",
			);
			runOnlyForDeploymentPostprocessing = 0;
			shellPath = /bin/sh;
			shellScript = "diff \"${PODS_PODFILE_DIR_PATH}/Podfile.lock\" \"${PODS_ROOT}/Manifest.lock\" > /dev/null\nif [ $? != 0 ] ; then\n    # print error to STDERR\n    echo \"error: The sandbox is not in sync with the Podfile.lock. Run 'pod install' or update your CocoaPods installation.\" >&2\n    exit 1\nfi\n# This output is used by Xcode 'outputs' to avoid re-running this script phase.\necho \"SUCCESS\" > \"${SCRIPT_OUTPUT_FILE_0}\"\n";
			showEnvVarsInLog = 0;
		};
		5A0DF2CAA75DE5665A65862B /* [CP] Embed Pods Frameworks */ = {
			isa = PBXShellScriptBuildPhase;
			buildActionMask = 2147483647;
			files = (
			);
			inputFileListPaths = (
				"${PODS_ROOT}/Target Support Files/Pods-PocketCards/Pods-PocketCards-frameworks-${CONFIGURATION}-input-files.xcfilelist",
			);
			name = "[CP] Embed Pods Frameworks";
			outputFileListPaths = (
				"${PODS_ROOT}/Target Support Files/Pods-PocketCards/Pods-PocketCards-frameworks-${CONFIGURATION}-output-files.xcfilelist",
			);
			runOnlyForDeploymentPostprocessing = 0;
			shellPath = /bin/sh;
			shellScript = "\"${PODS_ROOT}/Target Support Files/Pods-PocketCards/Pods-PocketCards-frameworks.sh\"\n";
			showEnvVarsInLog = 0;
		};
/* End PBXShellScriptBuildPhase section */

/* Begin PBXSourcesBuildPhase section */
		9A1FD24527D7369B0000A16B /* Sources */ = {
			isa = PBXSourcesBuildPhase;
			buildActionMask = 2147483647;
			files = (
				9AF57E7127D96624002B1F32 /* StringUtils.swift in Sources */,
				9A1FD29B27D7394C0000A16B /* DailyStudyViewModel.swift in Sources */,
				9A1FD29727D7394C0000A16B /* RootRouter.swift in Sources */,
				9A1FD29327D7394C0000A16B /* ChoiceButton.swift in Sources */,
				9A1FD29527D7394C0000A16B /* LanguageHomeRouter.swift in Sources */,
				9A1FD26527D738CF0000A16B /* AppDelegate.swift in Sources */,
				9A7F877827D7606800446E9D /* SocietyHomeRouter.swift in Sources */,
				9A1FD2A027D7394C0000A16B /* Consts.swift in Sources */,
				9A1FD2A327D7394C0000A16B /* Alamofire.swift in Sources */,
				9A1FD29E27D7394C0000A16B /* DailyStudyContract.swift in Sources */,
				9A6E044D27DC28D6005D87EE /* NavigationBarModifier.swift in Sources */,
				9A1FD2A227D7394C0000A16B /* TokenManager.swift in Sources */,
				9A1FD2A527D7394C0000A16B /* Question.swift in Sources */,
				9AF57E6F27D962A0002B1F32 /* DailyTestContract.swift in Sources */,
				9A1FD29427D7394C0000A16B /* ChoiceQuestion.swift in Sources */,
				9AF57E6927D8DC6F002B1F32 /* DailyTestViewModel.swift in Sources */,
				9A1FD2A427D7394C0000A16B /* Colors.swift in Sources */,
				9A7F877627D7604D00446E9D /* SocietyHomeView.swift in Sources */,
				9A1FD29827D7394C0000A16B /* RootView.swift in Sources */,
				9A1FD2A627D7394C0000A16B /* QuestionServices.swift in Sources */,
				9A7F877427D7603300446E9D /* ScienceHomeView.swift in Sources */,
				9AF57E6B27D96288002B1F32 /* DailyTestInteractor.swift in Sources */,
				9A1FD29C27D7394C0000A16B /* DailyStudyInteractor.swift in Sources */,
				9A1FD2A127D7394C0000A16B /* Authencation.swift in Sources */,
				9A7F877227D7602500446E9D /* ScienceHomeRouter.swift in Sources */,
				9A1FD29627D7394C0000A16B /* LanguageHomeView.swift in Sources */,
				9A1FD24F27D7369B0000A16B /* ContentView.swift in Sources */,
				9A7F876A27D747C800446E9D /* FlashCard.swift in Sources */,
				9A7F877A27D8269600446E9D /* Environments.swift in Sources */,
				9AF57E6727D8DC60002B1F32 /* DailyTestView.swift in Sources */,
				9A7F876C27D7498600446E9D /* FlippingView.swift in Sources */,
				9A1FD29D27D7394C0000A16B /* DailyStudyPresenter.swift in Sources */,
				9A1FD29A27D7394C0000A16B /* DailyStudyView.swift in Sources */,
				9A1FD24D27D7369B0000A16B /* PocketCardsApp.swift in Sources */,
				9A1FD29F27D7394C0000A16B /* LoginView.swift in Sources */,
				9AED5AEE27DC22A1009A7A76 /* SwiftUIView.swift in Sources */,
				9AF57E6D27D96292002B1F32 /* DailyTestPresenter.swift in Sources */,
				9A1FD29927D7394C0000A16B /* RootContract.swift in Sources */,
			);
			runOnlyForDeploymentPostprocessing = 0;
		};
/* End PBXSourcesBuildPhase section */

/* Begin XCBuildConfiguration section */
		9A1FD25527D7369C0000A16B /* Debug */ = {
			isa = XCBuildConfiguration;
			buildSettings = {
				ALWAYS_SEARCH_USER_PATHS = NO;
				CLANG_ANALYZER_NONNULL = YES;
				CLANG_ANALYZER_NUMBER_OBJECT_CONVERSION = YES_AGGRESSIVE;
				CLANG_CXX_LANGUAGE_STANDARD = "gnu++17";
				CLANG_CXX_LIBRARY = "libc++";
				CLANG_ENABLE_MODULES = YES;
				CLANG_ENABLE_OBJC_ARC = YES;
				CLANG_ENABLE_OBJC_WEAK = YES;
				CLANG_WARN_BLOCK_CAPTURE_AUTORELEASING = YES;
				CLANG_WARN_BOOL_CONVERSION = YES;
				CLANG_WARN_COMMA = YES;
				CLANG_WARN_CONSTANT_CONVERSION = YES;
				CLANG_WARN_DEPRECATED_OBJC_IMPLEMENTATIONS = YES;
				CLANG_WARN_DIRECT_OBJC_ISA_USAGE = YES_ERROR;
				CLANG_WARN_DOCUMENTATION_COMMENTS = YES;
				CLANG_WARN_EMPTY_BODY = YES;
				CLANG_WARN_ENUM_CONVERSION = YES;
				CLANG_WARN_INFINITE_RECURSION = YES;
				CLANG_WARN_INT_CONVERSION = YES;
				CLANG_WARN_NON_LITERAL_NULL_CONVERSION = YES;
				CLANG_WARN_OBJC_IMPLICIT_RETAIN_SELF = YES;
				CLANG_WARN_OBJC_LITERAL_CONVERSION = YES;
				CLANG_WARN_OBJC_ROOT_CLASS = YES_ERROR;
				CLANG_WARN_QUOTED_INCLUDE_IN_FRAMEWORK_HEADER = YES;
				CLANG_WARN_RANGE_LOOP_ANALYSIS = YES;
				CLANG_WARN_STRICT_PROTOTYPES = YES;
				CLANG_WARN_SUSPICIOUS_MOVE = YES;
				CLANG_WARN_UNGUARDED_AVAILABILITY = YES_AGGRESSIVE;
				CLANG_WARN_UNREACHABLE_CODE = YES;
				CLANG_WARN__DUPLICATE_METHOD_MATCH = YES;
				COPY_PHASE_STRIP = NO;
				DEBUG_INFORMATION_FORMAT = dwarf;
				ENABLE_STRICT_OBJC_MSGSEND = YES;
				ENABLE_TESTABILITY = YES;
				GCC_C_LANGUAGE_STANDARD = gnu11;
				GCC_DYNAMIC_NO_PIC = NO;
				GCC_NO_COMMON_BLOCKS = YES;
				GCC_OPTIMIZATION_LEVEL = 0;
				GCC_PREPROCESSOR_DEFINITIONS = (
					"DEBUG=1",
					"$(inherited)",
				);
				GCC_WARN_64_TO_32_BIT_CONVERSION = YES;
				GCC_WARN_ABOUT_RETURN_TYPE = YES_ERROR;
				GCC_WARN_UNDECLARED_SELECTOR = YES;
				GCC_WARN_UNINITIALIZED_AUTOS = YES_AGGRESSIVE;
				GCC_WARN_UNUSED_FUNCTION = YES;
				GCC_WARN_UNUSED_VARIABLE = YES;
				IPHONEOS_DEPLOYMENT_TARGET = 15.2;
				MTL_ENABLE_DEBUG_INFO = INCLUDE_SOURCE;
				MTL_FAST_MATH = YES;
				ONLY_ACTIVE_ARCH = YES;
				SDKROOT = iphoneos;
				SWIFT_ACTIVE_COMPILATION_CONDITIONS = DEBUG;
				SWIFT_OPTIMIZATION_LEVEL = "-Onone";
			};
			name = Debug;
		};
		9A1FD25627D7369C0000A16B /* Release */ = {
			isa = XCBuildConfiguration;
			buildSettings = {
				ALWAYS_SEARCH_USER_PATHS = NO;
				CLANG_ANALYZER_NONNULL = YES;
				CLANG_ANALYZER_NUMBER_OBJECT_CONVERSION = YES_AGGRESSIVE;
				CLANG_CXX_LANGUAGE_STANDARD = "gnu++17";
				CLANG_CXX_LIBRARY = "libc++";
				CLANG_ENABLE_MODULES = YES;
				CLANG_ENABLE_OBJC_ARC = YES;
				CLANG_ENABLE_OBJC_WEAK = YES;
				CLANG_WARN_BLOCK_CAPTURE_AUTORELEASING = YES;
				CLANG_WARN_BOOL_CONVERSION = YES;
				CLANG_WARN_COMMA = YES;
				CLANG_WARN_CONSTANT_CONVERSION = YES;
				CLANG_WARN_DEPRECATED_OBJC_IMPLEMENTATIONS = YES;
				CLANG_WARN_DIRECT_OBJC_ISA_USAGE = YES_ERROR;
				CLANG_WARN_DOCUMENTATION_COMMENTS = YES;
				CLANG_WARN_EMPTY_BODY = YES;
				CLANG_WARN_ENUM_CONVERSION = YES;
				CLANG_WARN_INFINITE_RECURSION = YES;
				CLANG_WARN_INT_CONVERSION = YES;
				CLANG_WARN_NON_LITERAL_NULL_CONVERSION = YES;
				CLANG_WARN_OBJC_IMPLICIT_RETAIN_SELF = YES;
				CLANG_WARN_OBJC_LITERAL_CONVERSION = YES;
				CLANG_WARN_OBJC_ROOT_CLASS = YES_ERROR;
				CLANG_WARN_QUOTED_INCLUDE_IN_FRAMEWORK_HEADER = YES;
				CLANG_WARN_RANGE_LOOP_ANALYSIS = YES;
				CLANG_WARN_STRICT_PROTOTYPES = YES;
				CLANG_WARN_SUSPICIOUS_MOVE = YES;
				CLANG_WARN_UNGUARDED_AVAILABILITY = YES_AGGRESSIVE;
				CLANG_WARN_UNREACHABLE_CODE = YES;
				CLANG_WARN__DUPLICATE_METHOD_MATCH = YES;
				COPY_PHASE_STRIP = NO;
				DEBUG_INFORMATION_FORMAT = "dwarf-with-dsym";
				ENABLE_NS_ASSERTIONS = NO;
				ENABLE_STRICT_OBJC_MSGSEND = YES;
				GCC_C_LANGUAGE_STANDARD = gnu11;
				GCC_NO_COMMON_BLOCKS = YES;
				GCC_WARN_64_TO_32_BIT_CONVERSION = YES;
				GCC_WARN_ABOUT_RETURN_TYPE = YES_ERROR;
				GCC_WARN_UNDECLARED_SELECTOR = YES;
				GCC_WARN_UNINITIALIZED_AUTOS = YES_AGGRESSIVE;
				GCC_WARN_UNUSED_FUNCTION = YES;
				GCC_WARN_UNUSED_VARIABLE = YES;
				IPHONEOS_DEPLOYMENT_TARGET = 15.2;
				MTL_ENABLE_DEBUG_INFO = NO;
				MTL_FAST_MATH = YES;
				SDKROOT = iphoneos;
				SWIFT_COMPILATION_MODE = wholemodule;
				SWIFT_OPTIMIZATION_LEVEL = "-O";
				VALIDATE_PRODUCT = YES;
			};
			name = Release;
		};
		9A1FD25827D7369C0000A16B /* Debug */ = {
			isa = XCBuildConfiguration;
			baseConfigurationReference = 9F24140CE1BDC4A02837DB2D /* Pods-PocketCards.debug.xcconfig */;
			buildSettings = {
				ASSETCATALOG_COMPILER_APPICON_NAME = AppIcon;
				ASSETCATALOG_COMPILER_GLOBAL_ACCENT_COLOR_NAME = AccentColor;
				CODE_SIGN_STYLE = Automatic;
				CURRENT_PROJECT_VERSION = 1;
				DEVELOPMENT_ASSET_PATHS = "\"PocketCards/Preview Content\"";
				DEVELOPMENT_TEAM = 2JDRC7FU6F;
				ENABLE_PREVIEWS = YES;
				GENERATE_INFOPLIST_FILE = YES;
				INFOPLIST_FILE = PocketCards/Info.plist;
				INFOPLIST_KEY_UIApplicationSceneManifest_Generation = YES;
				INFOPLIST_KEY_UIApplicationSupportsIndirectInputEvents = YES;
				INFOPLIST_KEY_UILaunchScreen_Generation = YES;
				INFOPLIST_KEY_UISupportedInterfaceOrientations = "UIInterfaceOrientationPortrait UIInterfaceOrientationLandscapeLeft UIInterfaceOrientationLandscapeRight";
				INFOPLIST_KEY_UISupportedInterfaceOrientations_iPad = "UIInterfaceOrientationPortrait UIInterfaceOrientationPortraitUpsideDown UIInterfaceOrientationLandscapeLeft UIInterfaceOrientationLandscapeRight";
				INFOPLIST_KEY_UISupportedInterfaceOrientations_iPhone = "UIInterfaceOrientationPortrait UIInterfaceOrientationLandscapeLeft UIInterfaceOrientationLandscapeRight";
				LD_RUNPATH_SEARCH_PATHS = (
					"$(inherited)",
					"@executable_path/Frameworks",
				);
				MARKETING_VERSION = 1.0;
				PRODUCT_BUNDLE_IDENTIFIER = com.alpha.PocketCards;
				PRODUCT_NAME = "勉強にゃん";
				SWIFT_EMIT_LOC_STRINGS = YES;
				SWIFT_VERSION = 5.0;
				TARGETED_DEVICE_FAMILY = "1,2";
			};
			name = Debug;
		};
		9A1FD25927D7369C0000A16B /* Release */ = {
			isa = XCBuildConfiguration;
			baseConfigurationReference = 85615E6482D9C98A21B1D7CA /* Pods-PocketCards.release.xcconfig */;
			buildSettings = {
				ASSETCATALOG_COMPILER_APPICON_NAME = AppIcon;
				ASSETCATALOG_COMPILER_GLOBAL_ACCENT_COLOR_NAME = AccentColor;
				CODE_SIGN_STYLE = Automatic;
				CURRENT_PROJECT_VERSION = 1;
				DEVELOPMENT_ASSET_PATHS = "\"PocketCards/Preview Content\"";
				DEVELOPMENT_TEAM = 2JDRC7FU6F;
				ENABLE_PREVIEWS = YES;
				GENERATE_INFOPLIST_FILE = YES;
				INFOPLIST_FILE = PocketCards/Info.plist;
				INFOPLIST_KEY_UIApplicationSceneManifest_Generation = YES;
				INFOPLIST_KEY_UIApplicationSupportsIndirectInputEvents = YES;
				INFOPLIST_KEY_UILaunchScreen_Generation = YES;
				INFOPLIST_KEY_UISupportedInterfaceOrientations = "UIInterfaceOrientationPortrait UIInterfaceOrientationLandscapeLeft UIInterfaceOrientationLandscapeRight";
				INFOPLIST_KEY_UISupportedInterfaceOrientations_iPad = "UIInterfaceOrientationPortrait UIInterfaceOrientationPortraitUpsideDown UIInterfaceOrientationLandscapeLeft UIInterfaceOrientationLandscapeRight";
				INFOPLIST_KEY_UISupportedInterfaceOrientations_iPhone = "UIInterfaceOrientationPortrait UIInterfaceOrientationLandscapeLeft UIInterfaceOrientationLandscapeRight";
				LD_RUNPATH_SEARCH_PATHS = (
					"$(inherited)",
					"@executable_path/Frameworks",
				);
				MARKETING_VERSION = 1.0;
				PRODUCT_BUNDLE_IDENTIFIER = com.alpha.PocketCards;
				PRODUCT_NAME = "勉強にゃん";
				SWIFT_EMIT_LOC_STRINGS = YES;
				SWIFT_VERSION = 5.0;
				TARGETED_DEVICE_FAMILY = "1,2";
			};
			name = Release;
		};
/* End XCBuildConfiguration section */

/* Begin XCConfigurationList section */
		9A1FD24427D7369B0000A16B /* Build configuration list for PBXProject "PocketCards" */ = {
			isa = XCConfigurationList;
			buildConfigurations = (
				9A1FD25527D7369C0000A16B /* Debug */,
				9A1FD25627D7369C0000A16B /* Release */,
			);
			defaultConfigurationIsVisible = 0;
			defaultConfigurationName = Release;
		};
		9A1FD25727D7369C0000A16B /* Build configuration list for PBXNativeTarget "PocketCards" */ = {
			isa = XCConfigurationList;
			buildConfigurations = (
				9A1FD25827D7369C0000A16B /* Debug */,
				9A1FD25927D7369C0000A16B /* Release */,
			);
			defaultConfigurationIsVisible = 0;
			defaultConfigurationName = Release;
		};
/* End XCConfigurationList section */
	};
	rootObject = 9A1FD24127D7369B0000A16B /* Project object */;
}
