PODS:
  - Alamofire (5.9.1)
  - Amplify (1.30.9):
    - Amplify/Default (= 1.30.9)
  - Amplify/Default (1.30.9)
  - AmplifyPlugins/AWSCognitoAuthPlugin (1.30.9):
    - AWSAuthCore (~> 2.35.0)
    - AWSCognitoIdentityProvider (~> 2.35.0)
    - AWSCognitoIdentityProviderASF (~> 2.35.0)
    - AWSCore (~> 2.35.0)
    - AWSMobileClient (~> 2.35.0)
    - AWSPluginsCore (= 1.30.9)
  - AmplifyPlugins/AWSS3StoragePlugin (1.30.9):
    - AWSCore (~> 2.35.0)
    - AWSPluginsCore (= 1.30.9)
    - AWSS3 (~> 2.35.0)
  - AWSAuthCore (2.35.0):
    - AWSCore (= 2.35.0)
  - AWSCognitoIdentityProvider (2.35.0):
    - AWSCognitoIdentityProviderASF (= 2.35.0)
    - AWSCore (= 2.35.0)
  - AWSCognitoIdentityProviderASF (2.35.0):
    - AWSCore (= 2.35.0)
  - AWSCore (2.35.0)
  - AWSMobileClient (2.35.0):
    - AWSAuthCore (= 2.35.0)
    - AWSCognitoIdentityProvider (= 2.35.0)
    - AWSCognitoIdentityProviderASF (= 2.35.0)
    - AWSCore (= 2.35.0)
  - AWSPluginsCore (1.30.9):
    - Amplify (= 1.30.9)
    - AWSCore (~> 2.35.0)
  - AWSS3 (2.35.0):
    - AWSCore (= 2.35.0)
  - Charts (4.1.0):
    - Charts/Core (= 4.1.0)
  - Charts/Core (4.1.0):
    - SwiftAlgorithms (~> 1.0)
  - Kingfisher (7.11.0)
  - SwiftAlgorithms (1.0.0)
  - SwiftFormat/CLI (0.53.8)

DEPENDENCIES:
  - Alamofire
  - Amplify
  - AmplifyPlugins/AWSCognitoAuthPlugin
  - AmplifyPlugins/AWSS3StoragePlugin
  - Charts (= 4.1.0)
  - Kingfisher (~> 7.0)
  - SwiftFormat/CLI

SPEC REPOS:
  trunk:
    - Alamofire
    - Amplify
    - AmplifyPlugins
    - AWSAuthCore
    - AWSCognitoIdentityProvider
    - AWSCognitoIdentityProviderASF
    - AWSCore
    - AWSMobileClient
    - AWSPluginsCore
    - AWSS3
    - Charts
    - Kingfisher
    - SwiftAlgorithms
    - SwiftFormat

SPEC CHECKSUMS:
  Alamofire: f36a35757af4587d8e4f4bfa223ad10be2422b8c
  Amplify: 3fb7e406c959563dcc37722497ba577dac958245
  AmplifyPlugins: 538a89ab8b7365ba1ea39dd3dd48389b9c24bb2d
  AWSAuthCore: aa5090b8d86389f958c5b916f14dc218b0c20f8e
  AWSCognitoIdentityProvider: b4c4d7d78782d62636cb3edfed71472dffe5e6d6
  AWSCognitoIdentityProviderASF: 295cac5c59c71c1494a3bac437f4c6284b9a73d3
  AWSCore: f644b48f9508301ba5d2692b5a0c418ca47e1673
  AWSMobileClient: 6c00da79fef9fcb63311b9b2e2abb7cf45fc7ccd
  AWSPluginsCore: 8c4c25e9ae2eb8a86e281eb0ec899c347a33c1fd
  AWSS3: 062c34dd2765593fe105d1a571d567b62bf26854
  Charts: ce0768268078eee0336f122c3c4ca248e4e204c5
  Kingfisher: b9c985d864d43515f404f1ef4a8ce7d802ace3ac
  SwiftAlgorithms: 38dda4731d19027fdeee1125f973111bf3386b53
  SwiftFormat: b977651004c647b898b059e8261db7790db8143b

PODFILE CHECKSUM: 41383bb820be6d555d3ddf2c83740306205a5a9b

COCOAPODS: 1.15.2
