PODS:
  - Alamofire (5.5.0)
  - Amplify (1.21.0):
    - Amplify/Default (= 1.21.0)
  - Amplify/Default (1.21.0)
  - AmplifyPlugins/AWSCognitoAuthPlugin (1.21.0):
    - AWSAuthCore (~> 2.27.0)
    - AWSCognitoIdentityProvider (~> 2.27.0)
    - AWSCognitoIdentityProviderASF (~> 2.27.0)
    - AWSCore (~> 2.27.0)
    - AWSMobileClient (~> 2.27.0)
    - AWSPluginsCore (= 1.21.0)
  - AWSAuthCore (2.27.2):
    - AWSCore (= 2.27.2)
  - AWSCognitoIdentityProvider (2.27.2):
    - AWSCognitoIdentityProviderASF (= 2.27.2)
    - AWSCore (= 2.27.2)
  - AWSCognitoIdentityProviderASF (2.27.2):
    - AWSCore (= 2.27.2)
  - AWSCore (2.27.2)
  - AWSMobileClient (2.27.2):
    - AWSAuthCore (= 2.27.2)
    - AWSCognitoIdentityProvider (= 2.27.2)
    - AWSCognitoIdentityProviderASF (= 2.27.2)
    - AWSCore (= 2.27.2)
  - AWSPluginsCore (1.21.0):
    - Amplify (= 1.21.0)
    - AWSCore (~> 2.27.0)

DEPENDENCIES:
  - Alamofire
  - Amplify
  - AmplifyPlugins/AWSCognitoAuthPlugin

SPEC REPOS:
  trunk:
    - Alamofire
    - Amplify
    - AmplifyPlugins
    - AWSAuthCore
    - AWSCognitoIdentityProvider
    - AWSCognitoIdentityProviderASF
    - AWSCore
    - AWSMobileClient
    - AWSPluginsCore

SPEC CHECKSUMS:
  Alamofire: 1c4fb5369c3fe93d2857c780d8bbe09f06f97e7c
  Amplify: 8af0fbd1856d7418469ee3f940f428925902210e
  AmplifyPlugins: f2a93ae2a981e3a7f362ad00c39e2656af038215
  AWSAuthCore: bf09d476ed9cbc3b3c0d106997020712ff96ae0b
  AWSCognitoIdentityProvider: bab85c753763a6ffa7764875e5c2303cdd82928d
  AWSCognitoIdentityProviderASF: 24d554b7a39fdac0892353a41a460821946aa8e2
  AWSCore: 577d083806d0d86d102462cdd06d16706b74410b
  AWSMobileClient: a4716d7418ca79fb3081d97139fb590c2a4e7cd8
  AWSPluginsCore: d0e4ea6ca225b0f79e40193178c06348b8220a86

PODFILE CHECKSUM: 8375a96b6b06a38bdf7bb863bd7136b324fb48e0

COCOAPODS: 1.11.2
