PODS:
  - Alamofire (5.6.2)
  - Amplify (1.28.1):
    - Amplify/Default (= 1.28.1)
  - Amplify/Default (1.28.1)
  - AmplifyPlugins/AWSCognitoAuthPlugin (1.28.1):
    - AWSAuthCore (~> 2.28.0)
    - AWSCognitoIdentityProvider (~> 2.28.0)
    - AWSCognitoIdentityProviderASF (~> 2.28.0)
    - AWSCore (~> 2.28.0)
    - AWSMobileClient (~> 2.28.0)
    - AWSPluginsCore (= 1.28.1)
  - AmplifyPlugins/AWSS3StoragePlugin (1.28.1):
    - AWSCore (~> 2.28.0)
    - AWSPluginsCore (= 1.28.1)
    - AWSS3 (~> 2.28.0)
  - AWSAuthCore (2.28.0):
    - AWSCore (= 2.28.0)
  - AWSCognitoIdentityProvider (2.28.0):
    - AWSCognitoIdentityProviderASF (= 2.28.0)
    - AWSCore (= 2.28.0)
  - AWSCognitoIdentityProviderASF (2.28.0):
    - AWSCore (= 2.28.0)
  - AWSCore (2.28.0)
  - AWSMobileClient (2.28.0):
    - AWSAuthCore (= 2.28.0)
    - AWSCognitoIdentityProvider (= 2.28.0)
    - AWSCognitoIdentityProviderASF (= 2.28.0)
    - AWSCore (= 2.28.0)
  - AWSPluginsCore (1.28.1):
    - Amplify (= 1.28.1)
    - AWSCore (~> 2.28.0)
  - AWSS3 (2.28.0):
    - AWSCore (= 2.28.0)
  - Charts (4.1.0):
    - Charts/Core (= 4.1.0)
  - Charts/Core (4.1.0):
    - SwiftAlgorithms (~> 1.0)
  - Kingfisher (7.3.2)
  - SwiftAlgorithms (1.0.0)
  - SwiftFormat/CLI (0.49.18)

DEPENDENCIES:
  - Alamofire
  - Amplify
  - AmplifyPlugins/AWSCognitoAuthPlugin
  - AmplifyPlugins/AWSS3StoragePlugin
  - Charts (= 4.1.0)
  - Kingfisher
  - SwiftFormat/CLI

SPEC REPOS:
  trunk:
    - Alamofire
    - Amplify
    - AmplifyPlugins
    - AWSAuthCore
    - AWSCognitoIdentityProvider
    - AWSCognitoIdentityProviderASF
    - AWSCore
    - AWSMobileClient
    - AWSPluginsCore
    - AWSS3
    - Charts
    - Kingfisher
    - SwiftAlgorithms
    - SwiftFormat

SPEC CHECKSUMS:
  Alamofire: d368e1ff8a298e6dde360e35a3e68e6c610e7204
  Amplify: 050d2daf2c5754eab171606fa3e35619c4babf6e
  AmplifyPlugins: 55b7fe0fe9a4788b0602b9e65601a832b814a96a
  AWSAuthCore: 658c331fe5cbc58608ced499aa0d8d46c57e9c96
  AWSCognitoIdentityProvider: 9778edc430206a1bf67ff5f0c7a7b130fa4a5380
  AWSCognitoIdentityProviderASF: a82f81ad75fce6d8c826ed394fa3cf7c51306897
  AWSCore: 0ebe9ba8a459893cdf268ce0bae61875efd0182b
  AWSMobileClient: 8d466f135e8d851a76e57cbfe65bb67eb522b64c
  AWSPluginsCore: a12e315533b041485d722bdb394bf150ad9cc78e
  AWSS3: 40a2bed039c432e580f1d4b4f740ca80f0610a9e
  Charts: 354f86803d11d9c35de280587fef50d1af063978
  Kingfisher: 0086ad83719761ba9b2cdaf6ef4d5b4878cbae23
  SwiftAlgorithms: 38dda4731d19027fdeee1125f973111bf3386b53
  SwiftFormat: 2402d29b26746f169cce5454d5af88314cbb2e35

PODFILE CHECKSUM: 85908978b717c356c1c098d37f4759ba21f2606e

COCOAPODS: 1.11.3
